// !$*UTF8*$!
{
	archiveVersion = 1;
	classes = {
	};
	objectVersion = 46;
	objects = {

/* Begin PBXBuildFile section */
		AF1D24681679151800454661 /* Foundation.framework in Frameworks */ = {isa = PBXBuildFile; fileRef = AF1D24671679151800454661 /* Foundation.framework */; };
		AF1D24771679151800454661 /* SenTestingKit.framework in Frameworks */ = {isa = PBXBuildFile; fileRef = AF1D24761679151800454661 /* SenTestingKit.framework */; };
		AF1D24791679151800454661 /* UIKit.framework in Frameworks */ = {isa = PBXBuildFile; fileRef = AF1D24781679151800454661 /* UIKit.framework */; };
		AF1D247A1679151800454661 /* Foundation.framework in Frameworks */ = {isa = PBXBuildFile; fileRef = AF1D24671679151800454661 /* Foundation.framework */; };
		AF1D247D1679151800454661 /* libHPCSMist.a in Frameworks */ = {isa = PBXBuildFile; fileRef = AF1D24641679151800454661 /* libHPCSMist.a */; };
		AF1D24831679151800454661 /* InfoPlist.strings in Resources */ = {isa = PBXBuildFile; fileRef = AF1D24811679151800454661 /* InfoPlist.strings */; };
		AF1D24A41679231F00454661 /* Environment.m in Sources */ = {isa = PBXBuildFile; fileRef = AF1D24941679231F00454661 /* Environment.m */; };
		AF1D24A51679231F00454661 /* Environment.m in Sources */ = {isa = PBXBuildFile; fileRef = AF1D24941679231F00454661 /* Environment.m */; };
		AF1D24A61679231F00454661 /* HPCSAuthorizedHTTPClient.m in Sources */ = {isa = PBXBuildFile; fileRef = AF1D24961679231F00454661 /* HPCSAuthorizedHTTPClient.m */; };
		AF1D24A71679231F00454661 /* HPCSAuthorizedHTTPClient.m in Sources */ = {isa = PBXBuildFile; fileRef = AF1D24961679231F00454661 /* HPCSAuthorizedHTTPClient.m */; };
		AF1D24A81679231F00454661 /* HPCSComputeClient.m in Sources */ = {isa = PBXBuildFile; fileRef = AF1D24981679231F00454661 /* HPCSComputeClient.m */; };
		AF1D24A91679231F00454661 /* HPCSComputeClient.m in Sources */ = {isa = PBXBuildFile; fileRef = AF1D24981679231F00454661 /* HPCSComputeClient.m */; };
		AF1D24AA1679231F00454661 /* HPCSIdentityClient.m in Sources */ = {isa = PBXBuildFile; fileRef = AF1D249A1679231F00454661 /* HPCSIdentityClient.m */; };
		AF1D24AB1679231F00454661 /* HPCSIdentityClient.m in Sources */ = {isa = PBXBuildFile; fileRef = AF1D249A1679231F00454661 /* HPCSIdentityClient.m */; };
		AF1D24AC1679231F00454661 /* HPCSSwiftClient.m in Sources */ = {isa = PBXBuildFile; fileRef = AF1D249D1679231F00454661 /* HPCSSwiftClient.m */; };
		AF1D24AD1679231F00454661 /* HPCSSwiftClient.m in Sources */ = {isa = PBXBuildFile; fileRef = AF1D249D1679231F00454661 /* HPCSSwiftClient.m */; };
		AF1D24AE1679231F00454661 /* HPCSTenant.m in Sources */ = {isa = PBXBuildFile; fileRef = AF1D249F1679231F00454661 /* HPCSTenant.m */; };
		AF1D24AF1679231F00454661 /* HPCSTenant.m in Sources */ = {isa = PBXBuildFile; fileRef = AF1D249F1679231F00454661 /* HPCSTenant.m */; };
		AF1D24B01679231F00454661 /* HPCSToken.m in Sources */ = {isa = PBXBuildFile; fileRef = AF1D24A11679231F00454661 /* HPCSToken.m */; };
		AF1D24B11679231F00454661 /* HPCSToken.m in Sources */ = {isa = PBXBuildFile; fileRef = AF1D24A11679231F00454661 /* HPCSToken.m */; };
		AF1D24B21679231F00454661 /* KeychainWrapper.m in Sources */ = {isa = PBXBuildFile; fileRef = AF1D24A31679231F00454661 /* KeychainWrapper.m */; };
		AF1D24B31679231F00454661 /* KeychainWrapper.m in Sources */ = {isa = PBXBuildFile; fileRef = AF1D24A31679231F00454661 /* KeychainWrapper.m */; };
		AF1D24BA1679236100454661 /* EnvironmentSpec.m in Sources */ = {isa = PBXBuildFile; fileRef = AF1D24B41679236100454661 /* EnvironmentSpec.m */; };
		AF1D24BB1679236100454661 /* EnvironmentSpec.m in Sources */ = {isa = PBXBuildFile; fileRef = AF1D24B41679236100454661 /* EnvironmentSpec.m */; };
		AF1D24BC1679236100454661 /* HPCSIdentityClientSpec.m in Sources */ = {isa = PBXBuildFile; fileRef = AF1D24B51679236100454661 /* HPCSIdentityClientSpec.m */; };
		AF1D24BD1679236100454661 /* HPCSIdentityClientSpec.m in Sources */ = {isa = PBXBuildFile; fileRef = AF1D24B51679236100454661 /* HPCSIdentityClientSpec.m */; };
		AF1D24BE1679236100454661 /* HPCSNovaClientSpec.m in Sources */ = {isa = PBXBuildFile; fileRef = AF1D24B61679236100454661 /* HPCSNovaClientSpec.m */; };
		AF1D24BF1679236100454661 /* HPCSNovaClientSpec.m in Sources */ = {isa = PBXBuildFile; fileRef = AF1D24B61679236100454661 /* HPCSNovaClientSpec.m */; };
		AF1D24C01679236100454661 /* HPCSSwiftClientSpec.m in Sources */ = {isa = PBXBuildFile; fileRef = AF1D24B71679236100454661 /* HPCSSwiftClientSpec.m */; };
		AF1D24C11679236100454661 /* HPCSSwiftClientSpec.m in Sources */ = {isa = PBXBuildFile; fileRef = AF1D24B71679236100454661 /* HPCSSwiftClientSpec.m */; };
		AF1D24C21679236100454661 /* KWSpec+WaitFor.m in Sources */ = {isa = PBXBuildFile; fileRef = AF1D24B91679236100454661 /* KWSpec+WaitFor.m */; };
		AF1D24C31679236100454661 /* KWSpec+WaitFor.m in Sources */ = {isa = PBXBuildFile; fileRef = AF1D24B91679236100454661 /* KWSpec+WaitFor.m */; };
		AF1D24C51679237000454661 /* SwiftObjectSpec.m in Sources */ = {isa = PBXBuildFile; fileRef = AF1D24C41679237000454661 /* SwiftObjectSpec.m */; };
		AF1D24C61679237000454661 /* SwiftObjectSpec.m in Sources */ = {isa = PBXBuildFile; fileRef = AF1D24C41679237000454661 /* SwiftObjectSpec.m */; };
		AF1D24CE167923B300454661 /* authNoScopedToken.json in Resources */ = {isa = PBXBuildFile; fileRef = AF1D24C7167923B300454661 /* authNoScopedToken.json */; };
		AF1D24CF167923B300454661 /* container_contents.json in Resources */ = {isa = PBXBuildFile; fileRef = AF1D24C8167923B300454661 /* container_contents.json */; };
		AF1D24D0167923B300454661 /* containers.json in Resources */ = {isa = PBXBuildFile; fileRef = AF1D24C9167923B300454661 /* containers.json */; };
		AF1D24D1167923B300454661 /* flavor_details.json in Resources */ = {isa = PBXBuildFile; fileRef = AF1D24CA167923B300454661 /* flavor_details.json */; };
		AF1D24D2167923B300454661 /* flavors.json in Resources */ = {isa = PBXBuildFile; fileRef = AF1D24CB167923B300454661 /* flavors.json */; };
		AF1D24D3167923B300454661 /* image_details.json in Resources */ = {isa = PBXBuildFile; fileRef = AF1D24CC167923B300454661 /* image_details.json */; };
		AF1D24D4167923B300454661 /* images.json in Resources */ = {isa = PBXBuildFile; fileRef = AF1D24CD167923B300454661 /* images.json */; };
		AF1D24DC1679241100454661 /* objects.json in Resources */ = {isa = PBXBuildFile; fileRef = AF1D24D51679241100454661 /* objects.json */; };
		AF1D24DD1679241100454661 /* revokeResponse.json in Resources */ = {isa = PBXBuildFile; fileRef = AF1D24D61679241100454661 /* revokeResponse.json */; };
		AF1D24DE1679241100454661 /* server_details.json in Resources */ = {isa = PBXBuildFile; fileRef = AF1D24D71679241100454661 /* server_details.json */; };
		AF1D24DF1679241100454661 /* servers.json in Resources */ = {isa = PBXBuildFile; fileRef = AF1D24D81679241100454661 /* servers.json */; };
		AF1D24E01679241100454661 /* tokens.json in Resources */ = {isa = PBXBuildFile; fileRef = AF1D24D91679241100454661 /* tokens.json */; };
		AF1D24E11679241100454661 /* tokensApiCreds.json in Resources */ = {isa = PBXBuildFile; fileRef = AF1D24DA1679241100454661 /* tokensApiCreds.json */; };
		AF1D24E21679241100454661 /* unauthorized.json in Resources */ = {isa = PBXBuildFile; fileRef = AF1D24DB1679241100454661 /* unauthorized.json */; };
/* End PBXBuildFile section */

/* Begin PBXContainerItemProxy section */
		AF1D247B1679151800454661 /* PBXContainerItemProxy */ = {
			isa = PBXContainerItemProxy;
			containerPortal = AF1D245B1679151800454661 /* Project object */;
			proxyType = 1;
			remoteGlobalIDString = AF1D24631679151800454661;
			remoteInfo = HPCSMist;
		};
/* End PBXContainerItemProxy section */

/* Begin PBXCopyFilesBuildPhase section */
		AF1D24621679151800454661 /* CopyFiles */ = {
			isa = PBXCopyFilesBuildPhase;
			buildActionMask = 2147483647;
			dstPath = "include/${PRODUCT_NAME}";
			dstSubfolderSpec = 16;
			files = (
			);
			runOnlyForDeploymentPostprocessing = 0;
		};
/* End PBXCopyFilesBuildPhase section */

/* Begin PBXFileReference section */
		AF1D24641679151800454661 /* libHPCSMist.a */ = {isa = PBXFileReference; explicitFileType = archive.ar; includeInIndex = 0; path = libHPCSMist.a; sourceTree = BUILT_PRODUCTS_DIR; };
		AF1D24671679151800454661 /* Foundation.framework */ = {isa = PBXFileReference; lastKnownFileType = wrapper.framework; name = Foundation.framework; path = System/Library/Frameworks/Foundation.framework; sourceTree = SDKROOT; };
		AF1D246B1679151800454661 /* HPCSMist-Prefix.pch */ = {isa = PBXFileReference; lastKnownFileType = sourcecode.c.h; path = "HPCSMist-Prefix.pch"; sourceTree = "<group>"; };
		AF1D24751679151800454661 /* HPCSMistTests.octest */ = {isa = PBXFileReference; explicitFileType = wrapper.cfbundle; includeInIndex = 0; path = HPCSMistTests.octest; sourceTree = BUILT_PRODUCTS_DIR; };
		AF1D24761679151800454661 /* SenTestingKit.framework */ = {isa = PBXFileReference; lastKnownFileType = wrapper.framework; name = SenTestingKit.framework; path = Library/Frameworks/SenTestingKit.framework; sourceTree = DEVELOPER_DIR; };
		AF1D24781679151800454661 /* UIKit.framework */ = {isa = PBXFileReference; lastKnownFileType = wrapper.framework; name = UIKit.framework; path = Library/Frameworks/UIKit.framework; sourceTree = DEVELOPER_DIR; };
		AF1D24801679151800454661 /* HPCSMistTests-Info.plist */ = {isa = PBXFileReference; lastKnownFileType = text.plist.xml; path = "HPCSMistTests-Info.plist"; sourceTree = "<group>"; };
		AF1D24821679151800454661 /* en */ = {isa = PBXFileReference; lastKnownFileType = text.plist.strings; name = en; path = en.lproj/InfoPlist.strings; sourceTree = "<group>"; };
		AF1D24931679231F00454661 /* Environment.h */ = {isa = PBXFileReference; fileEncoding = 4; lastKnownFileType = sourcecode.c.h; path = Environment.h; sourceTree = "<group>"; };
		AF1D24941679231F00454661 /* Environment.m */ = {isa = PBXFileReference; fileEncoding = 4; lastKnownFileType = sourcecode.c.objc; path = Environment.m; sourceTree = "<group>"; };
		AF1D24951679231F00454661 /* HPCSAuthorizedHTTPClient.h */ = {isa = PBXFileReference; fileEncoding = 4; lastKnownFileType = sourcecode.c.h; path = HPCSAuthorizedHTTPClient.h; sourceTree = "<group>"; };
		AF1D24961679231F00454661 /* HPCSAuthorizedHTTPClient.m */ = {isa = PBXFileReference; fileEncoding = 4; lastKnownFileType = sourcecode.c.objc; path = HPCSAuthorizedHTTPClient.m; sourceTree = "<group>"; };
		AF1D24971679231F00454661 /* HPCSComputeClient.h */ = {isa = PBXFileReference; fileEncoding = 4; lastKnownFileType = sourcecode.c.h; path = HPCSComputeClient.h; sourceTree = "<group>"; };
		AF1D24981679231F00454661 /* HPCSComputeClient.m */ = {isa = PBXFileReference; fileEncoding = 4; lastKnownFileType = sourcecode.c.objc; path = HPCSComputeClient.m; sourceTree = "<group>"; };
		AF1D24991679231F00454661 /* HPCSIdentityClient.h */ = {isa = PBXFileReference; fileEncoding = 4; lastKnownFileType = sourcecode.c.h; path = HPCSIdentityClient.h; sourceTree = "<group>"; };
		AF1D249A1679231F00454661 /* HPCSIdentityClient.m */ = {isa = PBXFileReference; fileEncoding = 4; lastKnownFileType = sourcecode.c.objc; path = HPCSIdentityClient.m; sourceTree = "<group>"; };
		AF1D249B1679231F00454661 /* HPCSSecurityConstants.h */ = {isa = PBXFileReference; fileEncoding = 4; lastKnownFileType = sourcecode.c.h; path = HPCSSecurityConstants.h; sourceTree = "<group>"; };
		AF1D249C1679231F00454661 /* HPCSSwiftClient.h */ = {isa = PBXFileReference; fileEncoding = 4; lastKnownFileType = sourcecode.c.h; path = HPCSSwiftClient.h; sourceTree = "<group>"; };
		AF1D249D1679231F00454661 /* HPCSSwiftClient.m */ = {isa = PBXFileReference; fileEncoding = 4; lastKnownFileType = sourcecode.c.objc; path = HPCSSwiftClient.m; sourceTree = "<group>"; };
		AF1D249E1679231F00454661 /* HPCSTenant.h */ = {isa = PBXFileReference; fileEncoding = 4; lastKnownFileType = sourcecode.c.h; path = HPCSTenant.h; sourceTree = "<group>"; };
		AF1D249F1679231F00454661 /* HPCSTenant.m */ = {isa = PBXFileReference; fileEncoding = 4; lastKnownFileType = sourcecode.c.objc; path = HPCSTenant.m; sourceTree = "<group>"; };
		AF1D24A01679231F00454661 /* HPCSToken.h */ = {isa = PBXFileReference; fileEncoding = 4; lastKnownFileType = sourcecode.c.h; path = HPCSToken.h; sourceTree = "<group>"; };
		AF1D24A11679231F00454661 /* HPCSToken.m */ = {isa = PBXFileReference; fileEncoding = 4; lastKnownFileType = sourcecode.c.objc; path = HPCSToken.m; sourceTree = "<group>"; };
		AF1D24A21679231F00454661 /* KeychainWrapper.h */ = {isa = PBXFileReference; fileEncoding = 4; lastKnownFileType = sourcecode.c.h; path = KeychainWrapper.h; sourceTree = "<group>"; };
		AF1D24A31679231F00454661 /* KeychainWrapper.m */ = {isa = PBXFileReference; fileEncoding = 4; lastKnownFileType = sourcecode.c.objc; path = KeychainWrapper.m; sourceTree = "<group>"; };
		AF1D24B41679236100454661 /* EnvironmentSpec.m */ = {isa = PBXFileReference; fileEncoding = 4; lastKnownFileType = sourcecode.c.objc; path = EnvironmentSpec.m; sourceTree = "<group>"; };
		AF1D24B51679236100454661 /* HPCSIdentityClientSpec.m */ = {isa = PBXFileReference; fileEncoding = 4; lastKnownFileType = sourcecode.c.objc; path = HPCSIdentityClientSpec.m; sourceTree = "<group>"; };
		AF1D24B61679236100454661 /* HPCSNovaClientSpec.m */ = {isa = PBXFileReference; fileEncoding = 4; lastKnownFileType = sourcecode.c.objc; path = HPCSNovaClientSpec.m; sourceTree = "<group>"; };
		AF1D24B71679236100454661 /* HPCSSwiftClientSpec.m */ = {isa = PBXFileReference; fileEncoding = 4; lastKnownFileType = sourcecode.c.objc; path = HPCSSwiftClientSpec.m; sourceTree = "<group>"; };
		AF1D24B81679236100454661 /* KWSpec+WaitFor.h */ = {isa = PBXFileReference; fileEncoding = 4; lastKnownFileType = sourcecode.c.h; path = "KWSpec+WaitFor.h"; sourceTree = "<group>"; };
		AF1D24B91679236100454661 /* KWSpec+WaitFor.m */ = {isa = PBXFileReference; fileEncoding = 4; lastKnownFileType = sourcecode.c.objc; path = "KWSpec+WaitFor.m"; sourceTree = "<group>"; };
		AF1D24C41679237000454661 /* SwiftObjectSpec.m */ = {isa = PBXFileReference; fileEncoding = 4; lastKnownFileType = sourcecode.c.objc; path = SwiftObjectSpec.m; sourceTree = "<group>"; };
		AF1D24C7167923B300454661 /* authNoScopedToken.json */ = {isa = PBXFileReference; fileEncoding = 4; lastKnownFileType = text.json; name = authNoScopedToken.json; path = SupportingFiles/authNoScopedToken.json; sourceTree = "<group>"; };
		AF1D24C8167923B300454661 /* container_contents.json */ = {isa = PBXFileReference; fileEncoding = 4; lastKnownFileType = text.json; name = container_contents.json; path = SupportingFiles/container_contents.json; sourceTree = "<group>"; };
		AF1D24C9167923B300454661 /* containers.json */ = {isa = PBXFileReference; fileEncoding = 4; lastKnownFileType = text.json; name = containers.json; path = SupportingFiles/containers.json; sourceTree = "<group>"; };
		AF1D24CA167923B300454661 /* flavor_details.json */ = {isa = PBXFileReference; fileEncoding = 4; lastKnownFileType = text.json; name = flavor_details.json; path = SupportingFiles/flavor_details.json; sourceTree = "<group>"; };
		AF1D24CB167923B300454661 /* flavors.json */ = {isa = PBXFileReference; fileEncoding = 4; lastKnownFileType = text.json; name = flavors.json; path = SupportingFiles/flavors.json; sourceTree = "<group>"; };
		AF1D24CC167923B300454661 /* image_details.json */ = {isa = PBXFileReference; fileEncoding = 4; lastKnownFileType = text.json; name = image_details.json; path = SupportingFiles/image_details.json; sourceTree = "<group>"; };
		AF1D24CD167923B300454661 /* images.json */ = {isa = PBXFileReference; fileEncoding = 4; lastKnownFileType = text.json; name = images.json; path = SupportingFiles/images.json; sourceTree = "<group>"; };
		AF1D24D51679241100454661 /* objects.json */ = {isa = PBXFileReference; fileEncoding = 4; lastKnownFileType = text.json; name = objects.json; path = SupportingFiles/objects.json; sourceTree = "<group>"; };
		AF1D24D61679241100454661 /* revokeResponse.json */ = {isa = PBXFileReference; fileEncoding = 4; lastKnownFileType = text.json; name = revokeResponse.json; path = SupportingFiles/revokeResponse.json; sourceTree = "<group>"; };
		AF1D24D71679241100454661 /* server_details.json */ = {isa = PBXFileReference; fileEncoding = 4; lastKnownFileType = text.json; name = server_details.json; path = SupportingFiles/server_details.json; sourceTree = "<group>"; };
		AF1D24D81679241100454661 /* servers.json */ = {isa = PBXFileReference; fileEncoding = 4; lastKnownFileType = text.json; name = servers.json; path = SupportingFiles/servers.json; sourceTree = "<group>"; };
		AF1D24D91679241100454661 /* tokens.json */ = {isa = PBXFileReference; fileEncoding = 4; lastKnownFileType = text.json; name = tokens.json; path = SupportingFiles/tokens.json; sourceTree = "<group>"; };
		AF1D24DA1679241100454661 /* tokensApiCreds.json */ = {isa = PBXFileReference; fileEncoding = 4; lastKnownFileType = text.json; name = tokensApiCreds.json; path = SupportingFiles/tokensApiCreds.json; sourceTree = "<group>"; };
		AF1D24DB1679241100454661 /* unauthorized.json */ = {isa = PBXFileReference; fileEncoding = 4; lastKnownFileType = text.json; name = unauthorized.json; path = SupportingFiles/unauthorized.json; sourceTree = "<group>"; };
/* End PBXFileReference section */

/* Begin PBXFrameworksBuildPhase section */
		AF1D24611679151800454661 /* Frameworks */ = {
			isa = PBXFrameworksBuildPhase;
			buildActionMask = 2147483647;
			files = (
				AF1D24681679151800454661 /* Foundation.framework in Frameworks */,
			);
			runOnlyForDeploymentPostprocessing = 0;
		};
		AF1D24711679151800454661 /* Frameworks */ = {
			isa = PBXFrameworksBuildPhase;
			buildActionMask = 2147483647;
			files = (
				AF1D24771679151800454661 /* SenTestingKit.framework in Frameworks */,
				AF1D24791679151800454661 /* UIKit.framework in Frameworks */,
				AF1D247A1679151800454661 /* Foundation.framework in Frameworks */,
				AF1D247D1679151800454661 /* libHPCSMist.a in Frameworks */,
			);
			runOnlyForDeploymentPostprocessing = 0;
		};
/* End PBXFrameworksBuildPhase section */

/* Begin PBXGroup section */
		AF1D24591679151800454661 = {
			isa = PBXGroup;
			children = (
				AF1D24691679151800454661 /* Classes */,
				AF1D247E1679151800454661 /* HPCSMistTests */,
				AF1D24661679151800454661 /* Frameworks */,
				AF1D24651679151800454661 /* Products */,
			);
			sourceTree = "<group>";
		};
		AF1D24651679151800454661 /* Products */ = {
			isa = PBXGroup;
			children = (
				AF1D24641679151800454661 /* libHPCSMist.a */,
				AF1D24751679151800454661 /* HPCSMistTests.octest */,
			);
			name = Products;
			sourceTree = "<group>";
		};
		AF1D24661679151800454661 /* Frameworks */ = {
			isa = PBXGroup;
			children = (
				AF1D24671679151800454661 /* Foundation.framework */,
				AF1D24761679151800454661 /* SenTestingKit.framework */,
				AF1D24781679151800454661 /* UIKit.framework */,
			);
			name = Frameworks;
			sourceTree = "<group>";
		};
		AF1D24691679151800454661 /* Classes */ = {
			isa = PBXGroup;
			children = (
				AF1D24931679231F00454661 /* Environment.h */,
				AF1D24941679231F00454661 /* Environment.m */,
				AF1D24951679231F00454661 /* HPCSAuthorizedHTTPClient.h */,
				AF1D24961679231F00454661 /* HPCSAuthorizedHTTPClient.m */,
				AF1D24971679231F00454661 /* HPCSComputeClient.h */,
				AF1D24981679231F00454661 /* HPCSComputeClient.m */,
				AF1D24991679231F00454661 /* HPCSIdentityClient.h */,
				AF1D249A1679231F00454661 /* HPCSIdentityClient.m */,
				AF1D249B1679231F00454661 /* HPCSSecurityConstants.h */,
				AF1D249C1679231F00454661 /* HPCSSwiftClient.h */,
				AF1D249D1679231F00454661 /* HPCSSwiftClient.m */,
				AF1D249E1679231F00454661 /* HPCSTenant.h */,
				AF1D249F1679231F00454661 /* HPCSTenant.m */,
				AF1D24A01679231F00454661 /* HPCSToken.h */,
				AF1D24A11679231F00454661 /* HPCSToken.m */,
				AF1D24A21679231F00454661 /* KeychainWrapper.h */,
				AF1D24A31679231F00454661 /* KeychainWrapper.m */,
				AF1D246A1679151800454661 /* Supporting Files */,
			);
			path = Classes;
			sourceTree = "<group>";
		};
		AF1D246A1679151800454661 /* Supporting Files */ = {
			isa = PBXGroup;
			children = (
				AF1D246B1679151800454661 /* HPCSMist-Prefix.pch */,
			);
			name = "Supporting Files";
			sourceTree = "<group>";
		};
		AF1D247E1679151800454661 /* HPCSMistTests */ = {
			isa = PBXGroup;
			children = (
				AF1D24C41679237000454661 /* SwiftObjectSpec.m */,
				AF1D24B41679236100454661 /* EnvironmentSpec.m */,
				AF1D24B51679236100454661 /* HPCSIdentityClientSpec.m */,
				AF1D24B61679236100454661 /* HPCSNovaClientSpec.m */,
				AF1D24B71679236100454661 /* HPCSSwiftClientSpec.m */,
				AF1D24B81679236100454661 /* KWSpec+WaitFor.h */,
				AF1D24B91679236100454661 /* KWSpec+WaitFor.m */,
				AF1D247F1679151800454661 /* Supporting Files */,
			);
			path = HPCSMistTests;
			sourceTree = "<group>";
		};
		AF1D247F1679151800454661 /* Supporting Files */ = {
			isa = PBXGroup;
			children = (
				AF1D24D51679241100454661 /* objects.json */,
				AF1D24D61679241100454661 /* revokeResponse.json */,
				AF1D24D71679241100454661 /* server_details.json */,
				AF1D24D81679241100454661 /* servers.json */,
				AF1D24D91679241100454661 /* tokens.json */,
				AF1D24DA1679241100454661 /* tokensApiCreds.json */,
				AF1D24DB1679241100454661 /* unauthorized.json */,
				AF1D24C7167923B300454661 /* authNoScopedToken.json */,
				AF1D24C8167923B300454661 /* container_contents.json */,
				AF1D24C9167923B300454661 /* containers.json */,
				AF1D24CA167923B300454661 /* flavor_details.json */,
				AF1D24CB167923B300454661 /* flavors.json */,
				AF1D24CC167923B300454661 /* image_details.json */,
				AF1D24CD167923B300454661 /* images.json */,
				AF1D24801679151800454661 /* HPCSMistTests-Info.plist */,
				AF1D24811679151800454661 /* InfoPlist.strings */,
			);
			name = "Supporting Files";
			sourceTree = "<group>";
		};
/* End PBXGroup section */

/* Begin PBXNativeTarget section */
		AF1D24631679151800454661 /* HPCSMist */ = {
			isa = PBXNativeTarget;
			buildConfigurationList = AF1D24891679151800454661 /* Build configuration list for PBXNativeTarget "HPCSMist" */;
			buildPhases = (
				AF1D24601679151800454661 /* Sources */,
				AF1D24611679151800454661 /* Frameworks */,
				AF1D24621679151800454661 /* CopyFiles */,
			);
			buildRules = (
			);
			dependencies = (
			);
			name = HPCSMist;
			productName = HPCSMist;
			productReference = AF1D24641679151800454661 /* libHPCSMist.a */;
			productType = "com.apple.product-type.library.static";
		};
		AF1D24741679151800454661 /* HPCSMistTests */ = {
			isa = PBXNativeTarget;
			buildConfigurationList = AF1D248C1679151800454661 /* Build configuration list for PBXNativeTarget "HPCSMistTests" */;
			buildPhases = (
				AF1D24701679151800454661 /* Sources */,
				AF1D24711679151800454661 /* Frameworks */,
				AF1D24721679151800454661 /* Resources */,
				AF1D24731679151800454661 /* ShellScript */,
			);
			buildRules = (
			);
			dependencies = (
				AF1D247C1679151800454661 /* PBXTargetDependency */,
			);
			name = HPCSMistTests;
			productName = HPCSMistTests;
			productReference = AF1D24751679151800454661 /* HPCSMistTests.octest */;
			productType = "com.apple.product-type.bundle";
		};
/* End PBXNativeTarget section */

/* Begin PBXProject section */
		AF1D245B1679151800454661 /* Project object */ = {
			isa = PBXProject;
			attributes = {
				LastUpgradeCheck = 0450;
				ORGANIZATIONNAME = "Mike Hagedorn";
			};
			buildConfigurationList = AF1D245E1679151800454661 /* Build configuration list for PBXProject "HPCSMist" */;
			compatibilityVersion = "Xcode 3.2";
			developmentRegion = English;
			hasScannedForEncodings = 0;
			knownRegions = (
				en,
			);
			mainGroup = AF1D24591679151800454661;
			productRefGroup = AF1D24651679151800454661 /* Products */;
			projectDirPath = "";
			projectRoot = "";
			targets = (
				AF1D24631679151800454661 /* HPCSMist */,
				AF1D24741679151800454661 /* HPCSMistTests */,
			);
		};
/* End PBXProject section */

/* Begin PBXResourcesBuildPhase section */
		AF1D24721679151800454661 /* Resources */ = {
			isa = PBXResourcesBuildPhase;
			buildActionMask = 2147483647;
			files = (
				AF1D24831679151800454661 /* InfoPlist.strings in Resources */,
				AF1D24CE167923B300454661 /* authNoScopedToken.json in Resources */,
				AF1D24CF167923B300454661 /* container_contents.json in Resources */,
				AF1D24D0167923B300454661 /* containers.json in Resources */,
				AF1D24D1167923B300454661 /* flavor_details.json in Resources */,
				AF1D24D2167923B300454661 /* flavors.json in Resources */,
				AF1D24D3167923B300454661 /* image_details.json in Resources */,
				AF1D24D4167923B300454661 /* images.json in Resources */,
				AF1D24DC1679241100454661 /* objects.json in Resources */,
				AF1D24DD1679241100454661 /* revokeResponse.json in Resources */,
				AF1D24DE1679241100454661 /* server_details.json in Resources */,
				AF1D24DF1679241100454661 /* servers.json in Resources */,
				AF1D24E01679241100454661 /* tokens.json in Resources */,
				AF1D24E11679241100454661 /* tokensApiCreds.json in Resources */,
				AF1D24E21679241100454661 /* unauthorized.json in Resources */,
			);
			runOnlyForDeploymentPostprocessing = 0;
		};
/* End PBXResourcesBuildPhase section */

/* Begin PBXShellScriptBuildPhase section */
		AF1D24731679151800454661 /* ShellScript */ = {
			isa = PBXShellScriptBuildPhase;
			buildActionMask = 2147483647;
			files = (
			);
			inputPaths = (
			);
			outputPaths = (
			);
			runOnlyForDeploymentPostprocessing = 0;
			shellPath = /bin/sh;
			shellScript = "# Run the unit tests in this test bundle.\n\"${SYSTEM_DEVELOPER_DIR}/Tools/RunUnitTests\"\n";
		};
/* End PBXShellScriptBuildPhase section */

/* Begin PBXSourcesBuildPhase section */
		AF1D24601679151800454661 /* Sources */ = {
			isa = PBXSourcesBuildPhase;
			buildActionMask = 2147483647;
			files = (
				AF1D24A41679231F00454661 /* Environment.m in Sources */,
				AF1D24A61679231F00454661 /* HPCSAuthorizedHTTPClient.m in Sources */,
				AF1D24A81679231F00454661 /* HPCSComputeClient.m in Sources */,
				AF1D24AA1679231F00454661 /* HPCSIdentityClient.m in Sources */,
				AF1D24AC1679231F00454661 /* HPCSSwiftClient.m in Sources */,
				AF1D24AE1679231F00454661 /* HPCSTenant.m in Sources */,
				AF1D24B01679231F00454661 /* HPCSToken.m in Sources */,
				AF1D24B21679231F00454661 /* KeychainWrapper.m in Sources */,
				AF1D24BA1679236100454661 /* EnvironmentSpec.m in Sources */,
				AF1D24BC1679236100454661 /* HPCSIdentityClientSpec.m in Sources */,
				AF1D24BE1679236100454661 /* HPCSNovaClientSpec.m in Sources */,
				AF1D24C01679236100454661 /* HPCSSwiftClientSpec.m in Sources */,
				AF1D24C21679236100454661 /* KWSpec+WaitFor.m in Sources */,
				AF1D24C51679237000454661 /* SwiftObjectSpec.m in Sources */,
			);
			runOnlyForDeploymentPostprocessing = 0;
		};
		AF1D24701679151800454661 /* Sources */ = {
			isa = PBXSourcesBuildPhase;
			buildActionMask = 2147483647;
			files = (
				AF1D24A51679231F00454661 /* Environment.m in Sources */,
				AF1D24A71679231F00454661 /* HPCSAuthorizedHTTPClient.m in Sources */,
				AF1D24A91679231F00454661 /* HPCSComputeClient.m in Sources */,
				AF1D24AB1679231F00454661 /* HPCSIdentityClient.m in Sources */,
				AF1D24AD1679231F00454661 /* HPCSSwiftClient.m in Sources */,
				AF1D24AF1679231F00454661 /* HPCSTenant.m in Sources */,
				AF1D24B11679231F00454661 /* HPCSToken.m in Sources */,
				AF1D24B31679231F00454661 /* KeychainWrapper.m in Sources */,
				AF1D24BB1679236100454661 /* EnvironmentSpec.m in Sources */,
				AF1D24BD1679236100454661 /* HPCSIdentityClientSpec.m in Sources */,
				AF1D24BF1679236100454661 /* HPCSNovaClientSpec.m in Sources */,
				AF1D24C11679236100454661 /* HPCSSwiftClientSpec.m in Sources */,
				AF1D24C31679236100454661 /* KWSpec+WaitFor.m in Sources */,
				AF1D24C61679237000454661 /* SwiftObjectSpec.m in Sources */,
			);
			runOnlyForDeploymentPostprocessing = 0;
		};
/* End PBXSourcesBuildPhase section */

/* Begin PBXTargetDependency section */
		AF1D247C1679151800454661 /* PBXTargetDependency */ = {
			isa = PBXTargetDependency;
			target = AF1D24631679151800454661 /* HPCSMist */;
			targetProxy = AF1D247B1679151800454661 /* PBXContainerItemProxy */;
		};
/* End PBXTargetDependency section */

/* Begin PBXVariantGroup section */
		AF1D24811679151800454661 /* InfoPlist.strings */ = {
			isa = PBXVariantGroup;
			children = (
				AF1D24821679151800454661 /* en */,
			);
			name = InfoPlist.strings;
			sourceTree = "<group>";
		};
/* End PBXVariantGroup section */

/* Begin XCBuildConfiguration section */
		AF1D24871679151800454661 /* Debug */ = {
			isa = XCBuildConfiguration;
			buildSettings = {
				ALWAYS_SEARCH_USER_PATHS = NO;
				CLANG_CXX_LANGUAGE_STANDARD = "gnu++0x";
				CLANG_CXX_LIBRARY = "libc++";
				CLANG_ENABLE_OBJC_ARC = YES;
				CLANG_WARN_EMPTY_BODY = YES;
				CLANG_WARN__DUPLICATE_METHOD_MATCH = YES;
				COPY_PHASE_STRIP = NO;
				GCC_C_LANGUAGE_STANDARD = gnu99;
				GCC_DYNAMIC_NO_PIC = NO;
				GCC_OPTIMIZATION_LEVEL = 0;
				GCC_PREPROCESSOR_DEFINITIONS = (
					"DEBUG=1",
					"$(inherited)",
				);
				GCC_SYMBOLS_PRIVATE_EXTERN = NO;
				GCC_WARN_ABOUT_RETURN_TYPE = YES;
				GCC_WARN_UNINITIALIZED_AUTOS = YES;
				GCC_WARN_UNUSED_VARIABLE = YES;
				IPHONEOS_DEPLOYMENT_TARGET = 6.0;
				ONLY_ACTIVE_ARCH = YES;
				SDKROOT = iphoneos;
			};
			name = Debug;
		};
		AF1D24881679151800454661 /* Release */ = {
			isa = XCBuildConfiguration;
			buildSettings = {
				ALWAYS_SEARCH_USER_PATHS = NO;
				CLANG_CXX_LANGUAGE_STANDARD = "gnu++0x";
				CLANG_CXX_LIBRARY = "libc++";
				CLANG_ENABLE_OBJC_ARC = YES;
				CLANG_WARN_EMPTY_BODY = YES;
				CLANG_WARN__DUPLICATE_METHOD_MATCH = YES;
				COPY_PHASE_STRIP = YES;
				GCC_C_LANGUAGE_STANDARD = gnu99;
				GCC_WARN_ABOUT_RETURN_TYPE = YES;
				GCC_WARN_UNINITIALIZED_AUTOS = YES;
				GCC_WARN_UNUSED_VARIABLE = YES;
				IPHONEOS_DEPLOYMENT_TARGET = 6.0;
				SDKROOT = iphoneos;
				VALIDATE_PRODUCT = YES;
			};
			name = Release;
		};
		AF1D248A1679151800454661 /* Debug */ = {
			isa = XCBuildConfiguration;
			buildSettings = {
				DSTROOT = /tmp/HPCSMist.dst;
				GCC_PRECOMPILE_PREFIX_HEADER = YES;
				GCC_PREFIX_HEADER = "HPCSMist/HPCSMist-Prefix.pch";
				OTHER_LDFLAGS = "-ObjC";
				PRODUCT_NAME = "$(TARGET_NAME)";
				SKIP_INSTALL = YES;
			};
			name = Debug;
		};
		AF1D248B1679151800454661 /* Release */ = {
			isa = XCBuildConfiguration;
			buildSettings = {
				DSTROOT = /tmp/HPCSMist.dst;
				GCC_PRECOMPILE_PREFIX_HEADER = YES;
				GCC_PREFIX_HEADER = "HPCSMist/HPCSMist-Prefix.pch";
				OTHER_LDFLAGS = "-ObjC";
				PRODUCT_NAME = "$(TARGET_NAME)";
				SKIP_INSTALL = YES;
			};
			name = Release;
		};
		AF1D248D1679151800454661 /* Debug */ = {
			isa = XCBuildConfiguration;
			buildSettings = {
				FRAMEWORK_SEARCH_PATHS = (
					"\"$(SDKROOT)/Developer/Library/Frameworks\"",
					"\"$(DEVELOPER_LIBRARY_DIR)/Frameworks\"",
				);
				GCC_PRECOMPILE_PREFIX_HEADER = YES;
				GCC_PREFIX_HEADER = "HPCSMist/HPCSMist-Prefix.pch";
				INFOPLIST_FILE = "HPCSMistTests/HPCSMistTests-Info.plist";
				PRODUCT_NAME = "$(TARGET_NAME)";
				WRAPPER_EXTENSION = octest;
			};
			name = Debug;
		};
		AF1D248E1679151800454661 /* Release */ = {
			isa = XCBuildConfiguration;
			buildSettings = {
				FRAMEWORK_SEARCH_PATHS = (
					"\"$(SDKROOT)/Developer/Library/Frameworks\"",
					"\"$(DEVELOPER_LIBRARY_DIR)/Frameworks\"",
				);
				GCC_PRECOMPILE_PREFIX_HEADER = YES;
				GCC_PREFIX_HEADER = "HPCSMist/HPCSMist-Prefix.pch";
				INFOPLIST_FILE = "HPCSMistTests/HPCSMistTests-Info.plist";
				PRODUCT_NAME = "$(TARGET_NAME)";
				WRAPPER_EXTENSION = octest;
			};
			name = Release;
		};
/* End XCBuildConfiguration section */

/* Begin XCConfigurationList section */
		AF1D245E1679151800454661 /* Build configuration list for PBXProject "HPCSMist" */ = {
			isa = XCConfigurationList;
			buildConfigurations = (
				AF1D24871679151800454661 /* Debug */,
				AF1D24881679151800454661 /* Release */,
			);
			defaultConfigurationIsVisible = 0;
			defaultConfigurationName = Release;
		};
		AF1D24891679151800454661 /* Build configuration list for PBXNativeTarget "HPCSMist" */ = {
			isa = XCConfigurationList;
			buildConfigurations = (
				AF1D248A1679151800454661 /* Debug */,
				AF1D248B1679151800454661 /* Release */,
			);
			defaultConfigurationIsVisible = 0;
			defaultConfigurationName = Release;
		};
		AF1D248C1679151800454661 /* Build configuration list for PBXNativeTarget "HPCSMistTests" */ = {
			isa = XCConfigurationList;
			buildConfigurations = (
				AF1D248D1679151800454661 /* Debug */,
				AF1D248E1679151800454661 /* Release */,
			);
			defaultConfigurationIsVisible = 0;
			defaultConfigurationName = Release;
		};
/* End XCConfigurationList section */
	};
	rootObject = AF1D245B1679151800454661 /* Project object */;
}
